
Microsoft Visual Studio Solution File, Format Version 12.00
# Visual Studio Version 16
VisualStudioVersion = 16.0.32510.428
MinimumVisualStudioVersion = 10.0.40219.1
Project("{9A19103F-16F7-4668-BE54-9A1E7A4F7556}") = "DataAccess", "DataAccess\DataAccess.csproj", "{DC7B21EF-F479-49D1-8FC3-F0D2345C3502}"
EndProject
Project("{9A19103F-16F7-4668-BE54-9A1E7A4F7556}") = "Entities", "Entities\Entities.csproj", "{8FA3D10E-87D6-4C5F-93AE-5ED957F4F998}"
EndProject
Project("{9A19103F-16F7-4668-BE54-9A1E7A4F7556}") = "Business", "Business\Business.csproj", "{7254EB40-ABA8-4DCE-A52B-871925E907BC}"
EndProject
Project("{9A19103F-16F7-4668-BE54-9A1E7A4F7556}") = "Core", "Core\Core.csproj", "{88294285-AF40-4FF5-8458-C947C8D1FF52}"
EndProject
Project("{FAE04EC0-301F-11D3-BF4B-00C04F79EFBC}") = "WebAPI", "WebAPI\WebAPI.csproj", "{144D2D58-3C81-4810-B437-237265F0C989}"
EndProject
Global
	GlobalSection(SolutionConfigurationPlatforms) = preSolution
		Debug|Any CPU = Debug|Any CPU
		Release|Any CPU = Release|Any CPU
	EndGlobalSection
	GlobalSection(ProjectConfigurationPlatforms) = postSolution
		{DC7B21EF-F479-49D1-8FC3-F0D2345C3502}.Debug|Any CPU.ActiveCfg = Debug|Any CPU
		{DC7B21EF-F479-49D1-8FC3-F0D2345C3502}.Debug|Any CPU.Build.0 = Debug|Any CPU
		{DC7B21EF-F479-49D1-8FC3-F0D2345C3502}.Release|Any CPU.ActiveCfg = Release|Any CPU
		{DC7B21EF-F479-49D1-8FC3-F0D2345C3502}.Release|Any CPU.Build.0 = Release|Any CPU
		{8FA3D10E-87D6-4C5F-93AE-5ED957F4F998}.Debug|Any CPU.ActiveCfg = Debug|Any CPU
		{8FA3D10E-87D6-4C5F-93AE-5ED957F4F998}.Debug|Any CPU.Build.0 = Debug|Any CPU
		{8FA3D10E-87D6-4C5F-93AE-5ED957F4F998}.Release|Any CPU.ActiveCfg = Release|Any CPU
		{8FA3D10E-87D6-4C5F-93AE-5ED957F4F998}.Release|Any CPU.Build.0 = Release|Any CPU
		{7254EB40-ABA8-4DCE-A52B-871925E907BC}.Debug|Any CPU.ActiveCfg = Debug|Any CPU
		{7254EB40-ABA8-4DCE-A52B-871925E907BC}.Debug|Any CPU.Build.0 = Debug|Any CPU
		{7254EB40-ABA8-4DCE-A52B-871925E907BC}.Release|Any CPU.ActiveCfg = Release|Any CPU
		{7254EB40-ABA8-4DCE-A52B-871925E907BC}.Release|Any CPU.Build.0 = Release|Any CPU
		{88294285-AF40-4FF5-8458-C947C8D1FF52}.Debug|Any CPU.ActiveCfg = Debug|Any CPU
		{88294285-AF40-4FF5-8458-C947C8D1FF52}.Debug|Any CPU.Build.0 = Debug|Any CPU
		{88294285-AF40-4FF5-8458-C947C8D1FF52}.Release|Any CPU.ActiveCfg = Release|Any CPU
		{88294285-AF40-4FF5-8458-C947C8D1FF52}.Release|Any CPU.Build.0 = Release|Any CPU
		{144D2D58-3C81-4810-B437-237265F0C989}.Debug|Any CPU.ActiveCfg = Debug|Any CPU
		{144D2D58-3C81-4810-B437-237265F0C989}.Debug|Any CPU.Build.0 = Debug|Any CPU
		{144D2D58-3C81-4810-B437-237265F0C989}.Release|Any CPU.ActiveCfg = Release|Any CPU
		{144D2D58-3C81-4810-B437-237265F0C989}.Release|Any CPU.Build.0 = Release|Any CPU
	EndGlobalSection
	GlobalSection(SolutionProperties) = preSolution
		HideSolutionNode = FALSE
	EndGlobalSection
	GlobalSection(ExtensibilityGlobals) = postSolution
		SolutionGuid = {A079B210-23BC-40C9-B652-1849810A4F3F}
	EndGlobalSection
EndGlobal
